
Microsoft Visual Studio Solution File, Format Version 12.00
# Visual Studio 15
Project("{FAE04EC0-301F-11D3-BF4B-00C04F79EFBC}") = "Assembly-CSharp", "Assembly-CSharp.csproj", "{0C213938-F2A0-7425-CEE7-D2DFE389ED66}"
EndProject
Project("{FAE04EC0-301F-11D3-BF4B-00C04F79EFBC}") = "Assembly-CSharp-firstpass", "Assembly-CSharp-firstpass.csproj", "{7F97AE00-A5A0-ED39-FF8D-40AD48528AE4}"
EndProject
Global
	GlobalSection(SolutionConfigurationPlatforms) = preSolution
		Debug|Any CPU = Debug|Any CPU
		Release|Any CPU = Release|Any CPU
	EndGlobalSection
	GlobalSection(ProjectConfigurationPlatforms) = postSolution
		{0C213938-F2A0-7425-CEE7-D2DFE389ED66}.Debug|Any CPU.ActiveCfg = Debug|Any CPU
		{0C213938-F2A0-7425-CEE7-D2DFE389ED66}.Debug|Any CPU.Build.0 = Debug|Any CPU
		{0C213938-F2A0-7425-CEE7-D2DFE389ED66}.Release|Any CPU.ActiveCfg = Release|Any CPU
		{0C213938-F2A0-7425-CEE7-D2DFE389ED66}.Release|Any CPU.Build.0 = Release|Any CPU
		{7F97AE00-A5A0-ED39-FF8D-40AD48528AE4}.Debug|Any CPU.ActiveCfg = Debug|Any CPU
		{7F97AE00-A5A0-ED39-FF8D-40AD48528AE4}.Debug|Any CPU.Build.0 = Debug|Any CPU
		{7F97AE00-A5A0-ED39-FF8D-40AD48528AE4}.Release|Any CPU.ActiveCfg = Release|Any CPU
		{7F97AE00-A5A0-ED39-FF8D-40AD48528AE4}.Release|Any CPU.Build.0 = Release|Any CPU
	EndGlobalSection
	GlobalSection(SolutionProperties) = preSolution
		HideSolutionNode = FALSE
	EndGlobalSection
EndGlobal
